
Microsoft Visual Studio Solution File, Format Version 12.00
# Visual Studio Version 17
VisualStudioVersion = 17.4.33122.133
MinimumVisualStudioVersion = 10.0.40219.1
Project("{FAE04EC0-301F-11D3-BF4B-00C04F79EFBC}") = "Auth01", "Auth01.csproj", "{43BD653D-9DA3-422B-AC30-1CEE5CADAA6A}"
EndProject
Global
	GlobalSection(SolutionConfigurationPlatforms) = preSolution
		Debug|Any CPU = Debug|Any CPU
		Release|Any CPU = Release|Any CPU
	EndGlobalSection
	GlobalSection(ProjectConfigurationPlatforms) = postSolution
		{43BD653D-9DA3-422B-AC30-1CEE5CADAA6A}.Debug|Any CPU.ActiveCfg = Debug|Any CPU
		{43BD653D-9DA3-422B-AC30-1CEE5CADAA6A}.Debug|Any CPU.Build.0 = Debug|Any CPU
		{43BD653D-9DA3-422B-AC30-1CEE5CADAA6A}.Release|Any CPU.ActiveCfg = Release|Any CPU
		{43BD653D-9DA3-422B-AC30-1CEE5CADAA6A}.Release|Any CPU.Build.0 = Release|Any CPU
	EndGlobalSection
	GlobalSection(SolutionProperties) = preSolution
		HideSolutionNode = FALSE
	EndGlobalSection
	GlobalSection(ExtensibilityGlobals) = postSolution
		SolutionGuid = {DA15C68E-3D5C-41B6-A8E5-7D8E9390BB8C}
	EndGlobalSection
EndGlobal
